{
  "nodes": {
    "flake-utils": {
      "inputs": {
        "systems": "systems"
      },
      "locked": {
        "lastModified": 1731533236,
        "narHash": "sha256-l0KFg5HjrsfsO/JpG+r7fRrqm12kzFHyUHqHCVpMMbI=",
        "owner": "numtide",
        "repo": "flake-utils",
        "rev": "11707dc2f618dd54ca8739b309ec4fc024de578b",
        "type": "github"
      },
      "original": {
        "owner": "numtide",
        "repo": "flake-utils",
        "type": "github"
      }
    },
    "home-manager": {
      "inputs": {
        "nixpkgs": [
          "nixpkgs"
        ]
      },
      "locked": {
        "lastModified": 1784789275,
        "narHash": "sha256-cgRTWuG+u1tBPhm01JrId2k0Bni09phVJ1Q0BZlRd7M=",
        "owner": "nix-community",
        "repo": "home-manager",
        "rev": "3b0e6bbd65869af1beadf5963a99befc179d209f",
        "type": "github"
      },
      "original": {
        "owner": "nix-community",
        "repo": "home-manager",
        "type": "github"
      }
    },
    "nix4nvchad": {
      "inputs": {
        "flake-utils": "flake-utils",
        "nixpkgs": [
          "nixpkgs"
        ],
        "nvchad-starter": [
          "nvchad-config"
        ]
      },
      "locked": {
        "lastModified": 1783219716,
        "narHash": "sha256-zghUlZ2ktV+WM+KFypPpxM8dqNgQFhwQohyaei7nE4w=",
        "owner": "nix-community",
        "repo": "nix4nvchad",
        "rev": "4273259c390e4100d12d98fb8aafc421c5e50625",
        "type": "github"
      },
      "original": {
        "owner": "nix-community",
        "repo": "nix4nvchad",
        "type": "github"
      }
    },
    "nixpkgs": {
      "locked": {
        "lastModified": 1784497964,
        "narHash": "sha256-vlHUuqAcbcH2RKmHbPiuQzbv1pnzzavXnI62RD0bqCU=",
        "owner": "nixos",
        "repo": "nixpkgs",
        "rev": "241313f4e8e508cb9b13278c2b0fa25b9ca27163",
        "type": "github"
      },
      "original": {
        "owner": "nixos",
        "ref": "nixos-unstable",
        "repo": "nixpkgs",
        "type": "github"
      }
    },
    "nvchad-config": {
      "flake": false,
      "locked": {
        "lastModified": 1784840145,
        "narHash": "sha256-rbp9ZcP3qQSKiwouKn887TyAPonQWyMrudw1iwaV8qM=",
        "owner": "jakezahm3",
        "repo": "nvchad-conf",
        "rev": "c37a42806b5960fe7a6ea28b2b5eec91e39d348f",
        "type": "github"
      },
      "original": {
        "owner": "jakezahm3",
        "repo": "nvchad-conf",
        "type": "github"
      }
    },
    "root": {
      "inputs": {
        "home-manager": "home-manager",
        "nix4nvchad": "nix4nvchad",
        "nixpkgs": "nixpkgs",
        "nvchad-config": "nvchad-config"
      }
    },
    "systems": {
      "locked": {
        "lastModified": 1681028828,
        "narHash": "sha256-Vy1rq5AaRuLzOxct8nz4T6wlgyUR7zLU309k9mBC768=",
        "owner": "nix-systems",
        "repo": "default",
        "rev": "da67096a3b9bf56a91d16901293e51ba5b49a27e",
        "type": "github"
      },
      "original": {
        "owner": "nix-systems",
        "repo": "default",
        "type": "github"
      }
    }
  },
  "root": "root",
  "version": 7
}
